
Microsoft Visual Studio Solution File, Format Version 12.00
# Visual Studio Version 17
VisualStudioVersion = 17.5.2.0
MinimumVisualStudioVersion = 10.0.40219.1
Project("{FAE04EC0-301F-11D3-BF4B-00C04F79EFBC}") = "InventoryManagementSystem.Shared", "InventoryManagementSystem.Shared\InventoryManagementSystem.Shared.csproj", "{26EBB969-E087-413C-9617-729F034F0831}"
EndProject
Project("{FAE04EC0-301F-11D3-BF4B-00C04F79EFBC}") = "InventoryManagementSystem.Desktop", "InventoryManagementSystem.Desktop\InventoryManagementSystem.Desktop.csproj", "{B5FB54D3-18D2-423C-A9A2-0F757C1D86C8}"
EndProject
Project("{FAE04EC0-301F-11D3-BF4B-00C04F79EFBC}") = "InventoryManagementSystem.Tests", "InventoryManagementSystem.Tests\InventoryManagementSystem.Tests.csproj", "{53E2DAA7-5462-4F9D-9EC7-E36693BD337E}"
EndProject
Project("{FAE04EC0-301F-11D3-BF4B-00C04F79EFBC}") = "InventoryManagementSystem.Cloud", "InventoryManagementSystem.Cloud\InventoryManagementSystem.Cloud.csproj", "{A1B2C3D4-E5F6-7890-ABCD-EF1234567890}"
EndProject
Global
	GlobalSection(SolutionConfigurationPlatforms) = preSolution
		Debug|Any CPU = Debug|Any CPU
		Debug|x64 = Debug|x64
		Debug|x86 = Debug|x86
		Release|Any CPU = Release|Any CPU
		Release|x64 = Release|x64
		Release|x86 = Release|x86
	EndGlobalSection
	GlobalSection(ProjectConfigurationPlatforms) = postSolution
		{26EBB969-E087-413C-9617-729F034F0831}.Debug|Any CPU.ActiveCfg = Debug|Any CPU
		{26EBB969-E087-413C-9617-729F034F0831}.Debug|Any CPU.Build.0 = Debug|Any CPU
		{26EBB969-E087-413C-9617-729F034F0831}.Debug|x64.ActiveCfg = Debug|Any CPU
		{26EBB969-E087-413C-9617-729F034F0831}.Debug|x64.Build.0 = Debug|Any CPU
		{26EBB969-E087-413C-9617-729F034F0831}.Debug|x86.ActiveCfg = Debug|Any CPU
		{26EBB969-E087-413C-9617-729F034F0831}.Debug|x86.Build.0 = Debug|Any CPU
		{26EBB969-E087-413C-9617-729F034F0831}.Release|Any CPU.ActiveCfg = Release|Any CPU
		{26EBB969-E087-413C-9617-729F034F0831}.Release|Any CPU.Build.0 = Release|Any CPU
		{26EBB969-E087-413C-9617-729F034F0831}.Release|x64.ActiveCfg = Release|Any CPU
		{26EBB969-E087-413C-9617-729F034F0831}.Release|x64.Build.0 = Release|Any CPU
		{26EBB969-E087-413C-9617-729F034F0831}.Release|x86.ActiveCfg = Release|Any CPU
		{26EBB969-E087-413C-9617-729F034F0831}.Release|x86.Build.0 = Release|Any CPU
		{B5FB54D3-18D2-423C-A9A2-0F757C1D86C8}.Debug|Any CPU.ActiveCfg = Debug|Any CPU
		{B5FB54D3-18D2-423C-A9A2-0F757C1D86C8}.Debug|Any CPU.Build.0 = Debug|Any CPU
		{B5FB54D3-18D2-423C-A9A2-0F757C1D86C8}.Debug|x64.ActiveCfg = Debug|Any CPU
		{B5FB54D3-18D2-423C-A9A2-0F757C1D86C8}.Debug|x64.Build.0 = Debug|Any CPU
		{B5FB54D3-18D2-423C-A9A2-0F757C1D86C8}.Debug|x86.ActiveCfg = Debug|Any CPU
		{B5FB54D3-18D2-423C-A9A2-0F757C1D86C8}.Debug|x86.Build.0 = Debug|Any CPU
		{B5FB54D3-18D2-423C-A9A2-0F757C1D86C8}.Release|Any CPU.ActiveCfg = Release|Any CPU
		{B5FB54D3-18D2-423C-A9A2-0F757C1D86C8}.Release|Any CPU.Build.0 = Release|Any CPU
		{B5FB54D3-18D2-423C-A9A2-0F757C1D86C8}.Release|x64.ActiveCfg = Release|Any CPU
		{B5FB54D3-18D2-423C-A9A2-0F757C1D86C8}.Release|x64.Build.0 = Release|Any CPU
		{B5FB54D3-18D2-423C-A9A2-0F757C1D86C8}.Release|x86.ActiveCfg = Release|Any CPU
		{B5FB54D3-18D2-423C-A9A2-0F757C1D86C8}.Release|x86.Build.0 = Release|Any CPU
		{53E2DAA7-5462-4F9D-9EC7-E36693BD337E}.Debug|Any CPU.ActiveCfg = Debug|Any CPU
		{53E2DAA7-5462-4F9D-9EC7-E36693BD337E}.Debug|Any CPU.Build.0 = Debug|Any CPU
		{53E2DAA7-5462-4F9D-9EC7-E36693BD337E}.Debug|x64.ActiveCfg = Debug|Any CPU
		{53E2DAA7-5462-4F9D-9EC7-E36693BD337E}.Debug|x64.Build.0 = Debug|Any CPU
		{53E2DAA7-5462-4F9D-9EC7-E36693BD337E}.Debug|x86.ActiveCfg = Debug|Any CPU
		{53E2DAA7-5462-4F9D-9EC7-E36693BD337E}.Debug|x86.Build.0 = Debug|Any CPU
		{53E2DAA7-5462-4F9D-9EC7-E36693BD337E}.Release|Any CPU.ActiveCfg = Release|Any CPU
		{53E2DAA7-5462-4F9D-9EC7-E36693BD337E}.Release|Any CPU.Build.0 = Release|Any CPU
		{53E2DAA7-5462-4F9D-9EC7-E36693BD337E}.Release|x64.ActiveCfg = Release|Any CPU
		{53E2DAA7-5462-4F9D-9EC7-E36693BD337E}.Release|x64.Build.0 = Release|Any CPU
		{53E2DAA7-5462-4F9D-9EC7-E36693BD337E}.Release|x86.ActiveCfg = Release|Any CPU
		{53E2DAA7-5462-4F9D-9EC7-E36693BD337E}.Release|x86.Build.0 = Release|Any CPU
		{A1B2C3D4-E5F6-7890-ABCD-EF1234567890}.Debug|Any CPU.ActiveCfg = Debug|Any CPU
		{A1B2C3D4-E5F6-7890-ABCD-EF1234567890}.Debug|Any CPU.Build.0 = Debug|Any CPU
		{A1B2C3D4-E5F6-7890-ABCD-EF1234567890}.Debug|x64.ActiveCfg = Debug|Any CPU
		{A1B2C3D4-E5F6-7890-ABCD-EF1234567890}.Debug|x64.Build.0 = Debug|Any CPU
		{A1B2C3D4-E5F6-7890-ABCD-EF1234567890}.Debug|x86.ActiveCfg = Debug|Any CPU
		{A1B2C3D4-E5F6-7890-ABCD-EF1234567890}.Debug|x86.Build.0 = Debug|Any CPU
		{A1B2C3D4-E5F6-7890-ABCD-EF1234567890}.Release|Any CPU.ActiveCfg = Release|Any CPU
		{A1B2C3D4-E5F6-7890-ABCD-EF1234567890}.Release|Any CPU.Build.0 = Release|Any CPU
		{A1B2C3D4-E5F6-7890-ABCD-EF1234567890}.Release|x64.ActiveCfg = Release|Any CPU
		{A1B2C3D4-E5F6-7890-ABCD-EF1234567890}.Release|x64.Build.0 = Release|Any CPU
		{A1B2C3D4-E5F6-7890-ABCD-EF1234567890}.Release|x86.ActiveCfg = Release|Any CPU
		{A1B2C3D4-E5F6-7890-ABCD-EF1234567890}.Release|x86.Build.0 = Release|Any CPU
	EndGlobalSection
	GlobalSection(SolutionProperties) = preSolution
		HideSolutionNode = FALSE
	EndGlobalSection
	GlobalSection(ExtensibilityGlobals) = postSolution
		SolutionGuid = {8275BC1C-31C8-41E9-9895-5302F800ED8B}
	EndGlobalSection
EndGlobal
